{
  "name": "petals",
  "version": "0.0.0",
  "lockfileVersion": 1,
  "requires": true,
  "dependencies": {
    "@ntks/toolbox": {
      "version": "0.0.4",
      "resolved": "https://registry.npmjs.org/@ntks/toolbox/-/toolbox-0.0.4.tgz",
      "integrity": "sha512-jQSxRo5Yu4Pl53n/F2wzUYyrtZSV4YvjakYQnPqeCu44N6PfZXLya7v3pLdEEppvWxRd3MOHIabbpOLE68xI7Q==",
      "dev": true
    },
    "handie": {
      "version": "1.0.14",
      "resolved": "https://registry.npmjs.org/handie/-/handie-1.0.14.tgz",
      "integrity": "sha512-r/cVUg6C+gkWdGKOqEmrXAK4GNz7jUC6m6YM0tTzs+plHA6q2NOqht3emgyMIh9jI0wRFgB1dqFiLHwuDfwPZA==",
      "dev": true,
      "requires": {
        "@ntks/toolbox": "0.0.4"
      }
    }
  }
}
